
Microsoft Visual Studio Solution File, Format Version 12.00
# Visual Studio 14
VisualStudioVersion = 14.0.25420.1
MinimumVisualStudioVersion = 10.0.40219.1
Project("{FAE04EC0-301F-11D3-BF4B-00C04F79EFBC}") = "ParserTest1", "ParserTest1\ParserTest1.csproj", "{38039E75-86F1-4481-8AE0-A99EE9F4AB32}"
EndProject
Project("{FAE04EC0-301F-11D3-BF4B-00C04F79EFBC}") = "ParserTest2", "ParserTest2\ParserTest2.csproj", "{793D70BF-F397-48E3-9C4B-390D0D4389D1}"
EndProject
Global
	GlobalSection(SolutionConfigurationPlatforms) = preSolution
		Debug|Any CPU = Debug|Any CPU
		Release|Any CPU = Release|Any CPU
	EndGlobalSection
	GlobalSection(ProjectConfigurationPlatforms) = postSolution
		{38039E75-86F1-4481-8AE0-A99EE9F4AB32}.Debug|Any CPU.ActiveCfg = Debug|Any CPU
		{38039E75-86F1-4481-8AE0-A99EE9F4AB32}.Debug|Any CPU.Build.0 = Debug|Any CPU
		{38039E75-86F1-4481-8AE0-A99EE9F4AB32}.Release|Any CPU.ActiveCfg = Release|Any CPU
		{38039E75-86F1-4481-8AE0-A99EE9F4AB32}.Release|Any CPU.Build.0 = Release|Any CPU
		{793D70BF-F397-48E3-9C4B-390D0D4389D1}.Debug|Any CPU.ActiveCfg = Debug|Any CPU
		{793D70BF-F397-48E3-9C4B-390D0D4389D1}.Debug|Any CPU.Build.0 = Debug|Any CPU
		{793D70BF-F397-48E3-9C4B-390D0D4389D1}.Release|Any CPU.ActiveCfg = Release|Any CPU
		{793D70BF-F397-48E3-9C4B-390D0D4389D1}.Release|Any CPU.Build.0 = Release|Any CPU
	EndGlobalSection
	GlobalSection(SolutionProperties) = preSolution
		HideSolutionNode = FALSE
	EndGlobalSection
EndGlobal
